
Microsoft Visual Studio Solution File, Format Version 12.00
# Visual Studio Version 17
VisualStudioVersion = 17.3.32922.545
MinimumVisualStudioVersion = 10.0.40219.1
Project("{FAE04EC0-301F-11D3-BF4B-00C04F79EFBC}") = "WebAPIMySQL", "WebAPIMySQL\WebAPIMySQL.csproj", "{316568FA-5D77-432B-A883-BADF9BA5A8B1}"
EndProject
Global
	GlobalSection(SolutionConfigurationPlatforms) = preSolution
		Debug|Any CPU = Debug|Any CPU
		Release|Any CPU = Release|Any CPU
	EndGlobalSection
	GlobalSection(ProjectConfigurationPlatforms) = postSolution
		{316568FA-5D77-432B-A883-BADF9BA5A8B1}.Debug|Any CPU.ActiveCfg = Debug|Any CPU
		{316568FA-5D77-432B-A883-BADF9BA5A8B1}.Debug|Any CPU.Build.0 = Debug|Any CPU
		{316568FA-5D77-432B-A883-BADF9BA5A8B1}.Release|Any CPU.ActiveCfg = Release|Any CPU
		{316568FA-5D77-432B-A883-BADF9BA5A8B1}.Release|Any CPU.Build.0 = Release|Any CPU
	EndGlobalSection
	GlobalSection(SolutionProperties) = preSolution
		HideSolutionNode = FALSE
	EndGlobalSection
	GlobalSection(ExtensibilityGlobals) = postSolution
		SolutionGuid = {8049BA80-257F-4CE4-A800-A0F64C45C830}
	EndGlobalSection
EndGlobal
